// !$*UTF8*$!
{
	archiveVersion = 1;
	classes = {
	};
	objectVersion = 50;
	objects = {

/* Begin PBXBuildFile section */
		26310F8023D47A4800140BB1 /* AppDelegate.swift in Sources */ = {isa = PBXBuildFile; fileRef = 26310F7F23D47A4800140BB1 /* AppDelegate.swift */; };
		26310F8223D47A4800140BB1 /* SceneDelegate.swift in Sources */ = {isa = PBXBuildFile; fileRef = 26310F8123D47A4800140BB1 /* SceneDelegate.swift */; };
		26310F8423D47A4800140BB1 /* MainVC.swift in Sources */ = {isa = PBXBuildFile; fileRef = 26310F8323D47A4800140BB1 /* MainVC.swift */; };
		26310F8723D47A4800140BB1 /* Main.storyboard in Resources */ = {isa = PBXBuildFile; fileRef = 26310F8523D47A4800140BB1 /* Main.storyboard */; };
		26310F8A23D47A4800140BB1 /* Russian_News.xcdatamodeld in Sources */ = {isa = PBXBuildFile; fileRef = 26310F8823D47A4800140BB1 /* Russian_News.xcdatamodeld */; };
		26310F8C23D47A4B00140BB1 /* Assets.xcassets in Resources */ = {isa = PBXBuildFile; fileRef = 26310F8B23D47A4B00140BB1 /* Assets.xcassets */; };
		26310F8F23D47A4B00140BB1 /* LaunchScreen.storyboard in Resources */ = {isa = PBXBuildFile; fileRef = 26310F8D23D47A4B00140BB1 /* LaunchScreen.storyboard */; };
		26310F9823D47A7600140BB1 /* NewsModel.swift in Sources */ = {isa = PBXBuildFile; fileRef = 26310F9723D47A7600140BB1 /* NewsModel.swift */; };
		26310F9B23D47AB500140BB1 /* NewsService.swift in Sources */ = {isa = PBXBuildFile; fileRef = 26310F9A23D47AB500140BB1 /* NewsService.swift */; };
		26310F9D23D47B2400140BB1 /* 18094.ttf in Resources */ = {isa = PBXBuildFile; fileRef = 26310F9C23D47B2400140BB1 /* 18094.ttf */; };
		26310F9F23D47BAD00140BB1 /* Consts.swift in Sources */ = {isa = PBXBuildFile; fileRef = 26310F9E23D47BAD00140BB1 /* Consts.swift */; };
		26310FA123D48F5D00140BB1 /* Extensions.swift in Sources */ = {isa = PBXBuildFile; fileRef = 26310FA023D48F5D00140BB1 /* Extensions.swift */; };
		26310FA423D4A20200140BB1 /* NewsCollectionViewCell.swift in Sources */ = {isa = PBXBuildFile; fileRef = 26310FA323D4A20200140BB1 /* NewsCollectionViewCell.swift */; };
/* End PBXBuildFile section */

/* Begin PBXFileReference section */
		26310F7C23D47A4800140BB1 /* Russian News.app */ = {isa = PBXFileReference; explicitFileType = wrapper.application; includeInIndex = 0; path = "Russian News.app"; sourceTree = BUILT_PRODUCTS_DIR; };
		26310F7F23D47A4800140BB1 /* AppDelegate.swift */ = {isa = PBXFileReference; lastKnownFileType = sourcecode.swift; path = AppDelegate.swift; sourceTree = "<group>"; };
		26310F8123D47A4800140BB1 /* SceneDelegate.swift */ = {isa = PBXFileReference; lastKnownFileType = sourcecode.swift; path = SceneDelegate.swift; sourceTree = "<group>"; };
		26310F8323D47A4800140BB1 /* MainVC.swift */ = {isa = PBXFileReference; lastKnownFileType = sourcecode.swift; path = MainVC.swift; sourceTree = "<group>"; };
		26310F8623D47A4800140BB1 /* Base */ = {isa = PBXFileReference; lastKnownFileType = file.storyboard; name = Base; path = Base.lproj/Main.storyboard; sourceTree = "<group>"; };
		26310F8923D47A4800140BB1 /* Russian_News.xcdatamodel */ = {isa = PBXFileReference; lastKnownFileType = wrapper.xcdatamodel; path = Russian_News.xcdatamodel; sourceTree = "<group>"; };
		26310F8B23D47A4B00140BB1 /* Assets.xcassets */ = {isa = PBXFileReference; lastKnownFileType = folder.assetcatalog; path = Assets.xcassets; sourceTree = "<group>"; };
		26310F8E23D47A4B00140BB1 /* Base */ = {isa = PBXFileReference; lastKnownFileType = file.storyboard; name = Base; path = Base.lproj/LaunchScreen.storyboard; sourceTree = "<group>"; };
		26310F9023D47A4B00140BB1 /* Info.plist */ = {isa = PBXFileReference; lastKnownFileType = text.plist.xml; path = Info.plist; sourceTree = "<group>"; };
		26310F9723D47A7600140BB1 /* NewsModel.swift */ = {isa = PBXFileReference; lastKnownFileType = sourcecode.swift; path = NewsModel.swift; sourceTree = "<group>"; };
		26310F9A23D47AB500140BB1 /* NewsService.swift */ = {isa = PBXFileReference; lastKnownFileType = sourcecode.swift; path = NewsService.swift; sourceTree = "<group>"; };
		26310F9C23D47B2400140BB1 /* 18094.ttf */ = {isa = PBXFileReference; lastKnownFileType = file; path = 18094.ttf; sourceTree = "<group>"; };
		26310F9E23D47BAD00140BB1 /* Consts.swift */ = {isa = PBXFileReference; lastKnownFileType = sourcecode.swift; path = Consts.swift; sourceTree = "<group>"; };
		26310FA023D48F5D00140BB1 /* Extensions.swift */ = {isa = PBXFileReference; lastKnownFileType = sourcecode.swift; path = Extensions.swift; sourceTree = "<group>"; };
		26310FA323D4A20200140BB1 /* NewsCollectionViewCell.swift */ = {isa = PBXFileReference; lastKnownFileType = sourcecode.swift; path = NewsCollectionViewCell.swift; sourceTree = "<group>"; };
/* End PBXFileReference section */

/* Begin PBXFrameworksBuildPhase section */
		26310F7923D47A4800140BB1 /* Frameworks */ = {
			isa = PBXFrameworksBuildPhase;
			buildActionMask = 2147483647;
			files = (
			);
			runOnlyForDeploymentPostprocessing = 0;
		};
/* End PBXFrameworksBuildPhase section */

/* Begin PBXGroup section */
		26310F7323D47A4800140BB1 = {
			isa = PBXGroup;
			children = (
				26310F7E23D47A4800140BB1 /* Russian News */,
				26310F7D23D47A4800140BB1 /* Products */,
			);
			sourceTree = "<group>";
		};
		26310F7D23D47A4800140BB1 /* Products */ = {
			isa = PBXGroup;
			children = (
				26310F7C23D47A4800140BB1 /* Russian News.app */,
			);
			name = Products;
			sourceTree = "<group>";
		};
		26310F7E23D47A4800140BB1 /* Russian News */ = {
			isa = PBXGroup;
			children = (
				26310F7F23D47A4800140BB1 /* AppDelegate.swift */,
				26310F8123D47A4800140BB1 /* SceneDelegate.swift */,
				26310FA223D4A1E500140BB1 /* View */,
				26310F9923D47A8500140BB1 /* Model */,
				26310F9623D47A6200140BB1 /* Controllers */,
				26310F9A23D47AB500140BB1 /* NewsService.swift */,
				26310F8523D47A4800140BB1 /* Main.storyboard */,
				26310F9C23D47B2400140BB1 /* 18094.ttf */,
				26310F8B23D47A4B00140BB1 /* Assets.xcassets */,
				26310F8D23D47A4B00140BB1 /* LaunchScreen.storyboard */,
				26310F9023D47A4B00140BB1 /* Info.plist */,
				26310F8823D47A4800140BB1 /* Russian_News.xcdatamodeld */,
				26310F9E23D47BAD00140BB1 /* Consts.swift */,
				26310FA023D48F5D00140BB1 /* Extensions.swift */,
			);
			path = "Russian News";
			sourceTree = "<group>";
		};
		26310F9623D47A6200140BB1 /* Controllers */ = {
			isa = PBXGroup;
			children = (
				26310F8323D47A4800140BB1 /* MainVC.swift */,
			);
			path = Controllers;
			sourceTree = "<group>";
		};
		26310F9923D47A8500140BB1 /* Model */ = {
			isa = PBXGroup;
			children = (
				26310F9723D47A7600140BB1 /* NewsModel.swift */,
			);
			path = Model;
			sourceTree = "<group>";
		};
		26310FA223D4A1E500140BB1 /* View */ = {
			isa = PBXGroup;
			children = (
				26310FA323D4A20200140BB1 /* NewsCollectionViewCell.swift */,
			);
			path = View;
			sourceTree = "<group>";
		};
/* End PBXGroup section */

/* Begin PBXNativeTarget section */
		26310F7B23D47A4800140BB1 /* Russian News */ = {
			isa = PBXNativeTarget;
			buildConfigurationList = 26310F9323D47A4B00140BB1 /* Build configuration list for PBXNativeTarget "Russian News" */;
			buildPhases = (
				26310F7823D47A4800140BB1 /* Sources */,
				26310F7923D47A4800140BB1 /* Frameworks */,
				26310F7A23D47A4800140BB1 /* Resources */,
			);
			buildRules = (
			);
			dependencies = (
			);
			name = "Russian News";
			productName = "Russian News";
			productReference = 26310F7C23D47A4800140BB1 /* Russian News.app */;
			productType = "com.apple.product-type.application";
		};
/* End PBXNativeTarget section */

/* Begin PBXProject section */
		26310F7423D47A4800140BB1 /* Project object */ = {
			isa = PBXProject;
			attributes = {
				LastSwiftUpdateCheck = 1110;
				LastUpgradeCheck = 1110;
				ORGANIZATIONNAME = "Eduard Siniakov";
				TargetAttributes = {
					26310F7B23D47A4800140BB1 = {
						CreatedOnToolsVersion = 11.1;
					};
				};
			};
			buildConfigurationList = 26310F7723D47A4800140BB1 /* Build configuration list for PBXProject "Russian News" */;
			compatibilityVersion = "Xcode 9.3";
			developmentRegion = en;
			hasScannedForEncodings = 0;
			knownRegions = (
				en,
				Base,
			);
			mainGroup = 26310F7323D47A4800140BB1;
			productRefGroup = 26310F7D23D47A4800140BB1 /* Products */;
			projectDirPath = "";
			projectRoot = "";
			targets = (
				26310F7B23D47A4800140BB1 /* Russian News */,
			);
		};
/* End PBXProject section */

/* Begin PBXResourcesBuildPhase section */
		26310F7A23D47A4800140BB1 /* Resources */ = {
			isa = PBXResourcesBuildPhase;
			buildActionMask = 2147483647;
			files = (
				26310F8F23D47A4B00140BB1 /* LaunchScreen.storyboard in Resources */,
				26310F8C23D47A4B00140BB1 /* Assets.xcassets in Resources */,
				26310F8723D47A4800140BB1 /* Main.storyboard in Resources */,
				26310F9D23D47B2400140BB1 /* 18094.ttf in Resources */,
			);
			runOnlyForDeploymentPostprocessing = 0;
		};
/* End PBXResourcesBuildPhase section */

/* Begin PBXSourcesBuildPhase section */
		26310F7823D47A4800140BB1 /* Sources */ = {
			isa = PBXSourcesBuildPhase;
			buildActionMask = 2147483647;
			files = (
				26310F8423D47A4800140BB1 /* MainVC.swift in Sources */,
				26310F8023D47A4800140BB1 /* AppDelegate.swift in Sources */,
				26310F8A23D47A4800140BB1 /* Russian_News.xcdatamodeld in Sources */,
				26310FA123D48F5D00140BB1 /* Extensions.swift in Sources */,
				26310F8223D47A4800140BB1 /* SceneDelegate.swift in Sources */,
				26310F9F23D47BAD00140BB1 /* Consts.swift in Sources */,
				26310F9823D47A7600140BB1 /* NewsModel.swift in Sources */,
				26310FA423D4A20200140BB1 /* NewsCollectionViewCell.swift in Sources */,
				26310F9B23D47AB500140BB1 /* NewsService.swift in Sources */,
			);
			runOnlyForDeploymentPostprocessing = 0;
		};
/* End PBXSourcesBuildPhase section */

/* Begin PBXVariantGroup section */
		26310F8523D47A4800140BB1 /* Main.storyboard */ = {
			isa = PBXVariantGroup;
			children = (
				26310F8623D47A4800140BB1 /* Base */,
			);
			name = Main.storyboard;
			sourceTree = "<group>";
		};
		26310F8D23D47A4B00140BB1 /* LaunchScreen.storyboard */ = {
			isa = PBXVariantGroup;
			children = (
				26310F8E23D47A4B00140BB1 /* Base */,
			);
			name = LaunchScreen.storyboard;
			sourceTree = "<group>";
		};
/* End PBXVariantGroup section */

/* Begin XCBuildConfiguration section */
		26310F9123D47A4B00140BB1 /* Debug */ = {
			isa = XCBuildConfiguration;
			buildSettings = {
				ALWAYS_SEARCH_USER_PATHS = NO;
				CLANG_ANALYZER_NONNULL = YES;
				CLANG_ANALYZER_NUMBER_OBJECT_CONVERSION = YES_AGGRESSIVE;
				CLANG_CXX_LANGUAGE_STANDARD = "gnu++14";
				CLANG_CXX_LIBRARY = "libc++";
				CLANG_ENABLE_MODULES = YES;
				CLANG_ENABLE_OBJC_ARC = YES;
				CLANG_ENABLE_OBJC_WEAK = YES;
				CLANG_WARN_BLOCK_CAPTURE_AUTORELEASING = YES;
				CLANG_WARN_BOOL_CONVERSION = YES;
				CLANG_WARN_COMMA = YES;
				CLANG_WARN_CONSTANT_CONVERSION = YES;
				CLANG_WARN_DEPRECATED_OBJC_IMPLEMENTATIONS = YES;
				CLANG_WARN_DIRECT_OBJC_ISA_USAGE = YES_ERROR;
				CLANG_WARN_DOCUMENTATION_COMMENTS = YES;
				CLANG_WARN_EMPTY_BODY = YES;
				CLANG_WARN_ENUM_CONVERSION = YES;
				CLANG_WARN_INFINITE_RECURSION = YES;
				CLANG_WARN_INT_CONVERSION = YES;
				CLANG_WARN_NON_LITERAL_NULL_CONVERSION = YES;
				CLANG_WARN_OBJC_IMPLICIT_RETAIN_SELF = YES;
				CLANG_WARN_OBJC_LITERAL_CONVERSION = YES;
				CLANG_WARN_OBJC_ROOT_CLASS = YES_ERROR;
				CLANG_WARN_RANGE_LOOP_ANALYSIS = YES;
				CLANG_WARN_STRICT_PROTOTYPES = YES;
				CLANG_WARN_SUSPICIOUS_MOVE = YES;
				CLANG_WARN_UNGUARDED_AVAILABILITY = YES_AGGRESSIVE;
				CLANG_WARN_UNREACHABLE_CODE = YES;
				CLANG_WARN__DUPLICATE_METHOD_MATCH = YES;
				COPY_PHASE_STRIP = NO;
				DEBUG_INFORMATION_FORMAT = dwarf;
				ENABLE_STRICT_OBJC_MSGSEND = YES;
				ENABLE_TESTABILITY = YES;
				GCC_C_LANGUAGE_STANDARD = gnu11;
				GCC_DYNAMIC_NO_PIC = NO;
				GCC_NO_COMMON_BLOCKS = YES;
				GCC_OPTIMIZATION_LEVEL = 0;
				GCC_PREPROCESSOR_DEFINITIONS = (
					"DEBUG=1",
					"$(inherited)",
				);
				GCC_WARN_64_TO_32_BIT_CONVERSION = YES;
				GCC_WARN_ABOUT_RETURN_TYPE = YES_ERROR;
				GCC_WARN_UNDECLARED_SELECTOR = YES;
				GCC_WARN_UNINITIALIZED_AUTOS = YES_AGGRESSIVE;
				GCC_WARN_UNUSED_FUNCTION = YES;
				GCC_WARN_UNUSED_VARIABLE = YES;
				IPHONEOS_DEPLOYMENT_TARGET = 13.1;
				MTL_ENABLE_DEBUG_INFO = INCLUDE_SOURCE;
				MTL_FAST_MATH = YES;
				ONLY_ACTIVE_ARCH = YES;
				SDKROOT = iphoneos;
				SWIFT_ACTIVE_COMPILATION_CONDITIONS = DEBUG;
				SWIFT_OPTIMIZATION_LEVEL = "-Onone";
			};
			name = Debug;
		};
		26310F9223D47A4B00140BB1 /* Release */ = {
			isa = XCBuildConfiguration;
			buildSettings = {
				ALWAYS_SEARCH_USER_PATHS = NO;
				CLANG_ANALYZER_NONNULL = YES;
				CLANG_ANALYZER_NUMBER_OBJECT_CONVERSION = YES_AGGRESSIVE;
				CLANG_CXX_LANGUAGE_STANDARD = "gnu++14";
				CLANG_CXX_LIBRARY = "libc++";
				CLANG_ENABLE_MODULES = YES;
				CLANG_ENABLE_OBJC_ARC = YES;
				CLANG_ENABLE_OBJC_WEAK = YES;
				CLANG_WARN_BLOCK_CAPTURE_AUTORELEASING = YES;
				CLANG_WARN_BOOL_CONVERSION = YES;
				CLANG_WARN_COMMA = YES;
				CLANG_WARN_CONSTANT_CONVERSION = YES;
				CLANG_WARN_DEPRECATED_OBJC_IMPLEMENTATIONS = YES;
				CLANG_WARN_DIRECT_OBJC_ISA_USAGE = YES_ERROR;
				CLANG_WARN_DOCUMENTATION_COMMENTS = YES;
				CLANG_WARN_EMPTY_BODY = YES;
				CLANG_WARN_ENUM_CONVERSION = YES;
				CLANG_WARN_INFINITE_RECURSION = YES;
				CLANG_WARN_INT_CONVERSION = YES;
				CLANG_WARN_NON_LITERAL_NULL_CONVERSION = YES;
				CLANG_WARN_OBJC_IMPLICIT_RETAIN_SELF = YES;
				CLANG_WARN_OBJC_LITERAL_CONVERSION = YES;
				CLANG_WARN_OBJC_ROOT_CLASS = YES_ERROR;
				CLANG_WARN_RANGE_LOOP_ANALYSIS = YES;
				CLANG_WARN_STRICT_PROTOTYPES = YES;
				CLANG_WARN_SUSPICIOUS_MOVE = YES;
				CLANG_WARN_UNGUARDED_AVAILABILITY = YES_AGGRESSIVE;
				CLANG_WARN_UNREACHABLE_CODE = YES;
				CLANG_WARN__DUPLICATE_METHOD_MATCH = YES;
				COPY_PHASE_STRIP = NO;
				DEBUG_INFORMATION_FORMAT = "dwarf-with-dsym";
				ENABLE_NS_ASSERTIONS = NO;
				ENABLE_STRICT_OBJC_MSGSEND = YES;
				GCC_C_LANGUAGE_STANDARD = gnu11;
				GCC_NO_COMMON_BLOCKS = YES;
				GCC_WARN_64_TO_32_BIT_CONVERSION = YES;
				GCC_WARN_ABOUT_RETURN_TYPE = YES_ERROR;
				GCC_WARN_UNDECLARED_SELECTOR = YES;
				GCC_WARN_UNINITIALIZED_AUTOS = YES_AGGRESSIVE;
				GCC_WARN_UNUSED_FUNCTION = YES;
				GCC_WARN_UNUSED_VARIABLE = YES;
				IPHONEOS_DEPLOYMENT_TARGET = 13.1;
				MTL_ENABLE_DEBUG_INFO = NO;
				MTL_FAST_MATH = YES;
				SDKROOT = iphoneos;
				SWIFT_COMPILATION_MODE = wholemodule;
				SWIFT_OPTIMIZATION_LEVEL = "-O";
				VALIDATE_PRODUCT = YES;
			};
			name = Release;
		};
		26310F9423D47A4B00140BB1 /* Debug */ = {
			isa = XCBuildConfiguration;
			buildSettings = {
				ASSETCATALOG_COMPILER_APPICON_NAME = AppIcon;
				CODE_SIGN_STYLE = Automatic;
				DEVELOPMENT_TEAM = NPVY9H3V7M;
				INFOPLIST_FILE = "Russian News/Info.plist";
				IPHONEOS_DEPLOYMENT_TARGET = 13.0;
				LD_RUNPATH_SEARCH_PATHS = (
					"$(inherited)",
					"@executable_path/Frameworks",
				);
				PRODUCT_BUNDLE_IDENTIFIER = "Eduard-Siniakov.Russian-News";
				PRODUCT_NAME = "$(TARGET_NAME)";
				SWIFT_VERSION = 5.0;
				TARGETED_DEVICE_FAMILY = "1,2";
			};
			name = Debug;
		};
		26310F9523D47A4B00140BB1 /* Release */ = {
			isa = XCBuildConfiguration;
			buildSettings = {
				ASSETCATALOG_COMPILER_APPICON_NAME = AppIcon;
				CODE_SIGN_STYLE = Automatic;
				DEVELOPMENT_TEAM = NPVY9H3V7M;
				INFOPLIST_FILE = "Russian News/Info.plist";
				IPHONEOS_DEPLOYMENT_TARGET = 13.0;
				LD_RUNPATH_SEARCH_PATHS = (
					"$(inherited)",
					"@executable_path/Frameworks",
				);
				PRODUCT_BUNDLE_IDENTIFIER = "Eduard-Siniakov.Russian-News";
				PRODUCT_NAME = "$(TARGET_NAME)";
				SWIFT_VERSION = 5.0;
				TARGETED_DEVICE_FAMILY = "1,2";
			};
			name = Release;
		};
/* End XCBuildConfiguration section */

/* Begin XCConfigurationList section */
		26310F7723D47A4800140BB1 /* Build configuration list for PBXProject "Russian News" */ = {
			isa = XCConfigurationList;
			buildConfigurations = (
				26310F9123D47A4B00140BB1 /* Debug */,
				26310F9223D47A4B00140BB1 /* Release */,
			);
			defaultConfigurationIsVisible = 0;
			defaultConfigurationName = Release;
		};
		26310F9323D47A4B00140BB1 /* Build configuration list for PBXNativeTarget "Russian News" */ = {
			isa = XCConfigurationList;
			buildConfigurations = (
				26310F9423D47A4B00140BB1 /* Debug */,
				26310F9523D47A4B00140BB1 /* Release */,
			);
			defaultConfigurationIsVisible = 0;
			defaultConfigurationName = Release;
		};
/* End XCConfigurationList section */

/* Begin XCVersionGroup section */
		26310F8823D47A4800140BB1 /* Russian_News.xcdatamodeld */ = {
			isa = XCVersionGroup;
			children = (
				26310F8923D47A4800140BB1 /* Russian_News.xcdatamodel */,
			);
			currentVersion = 26310F8923D47A4800140BB1 /* Russian_News.xcdatamodel */;
			path = Russian_News.xcdatamodeld;
			sourceTree = "<group>";
			versionGroupType = wrapper.xcdatamodel;
		};
/* End XCVersionGroup section */
	};
	rootObject = 26310F7423D47A4800140BB1 /* Project object */;
}
